
Microsoft Visual Studio Solution File, Format Version 12.00
# Visual Studio Version 16
VisualStudioVersion = 16.0.31229.75
MinimumVisualStudioVersion = 10.0.40219.1
Project("{FAE04EC0-301F-11D3-BF4B-00C04F79EFBC}") = "MCISample", "MCISample\MCISample.csproj", "{D400463D-123B-4183-9BE2-33D83A113CC1}"
EndProject
Global
	GlobalSection(SolutionConfigurationPlatforms) = preSolution
		Debug|Any CPU = Debug|Any CPU
		Release|Any CPU = Release|Any CPU
	EndGlobalSection
	GlobalSection(ProjectConfigurationPlatforms) = postSolution
		{D400463D-123B-4183-9BE2-33D83A113CC1}.Debug|Any CPU.ActiveCfg = Debug|Any CPU
		{D400463D-123B-4183-9BE2-33D83A113CC1}.Debug|Any CPU.Build.0 = Debug|Any CPU
		{D400463D-123B-4183-9BE2-33D83A113CC1}.Release|Any CPU.ActiveCfg = Release|Any CPU
		{D400463D-123B-4183-9BE2-33D83A113CC1}.Release|Any CPU.Build.0 = Release|Any CPU
	EndGlobalSection
	GlobalSection(SolutionProperties) = preSolution
		HideSolutionNode = FALSE
	EndGlobalSection
	GlobalSection(ExtensibilityGlobals) = postSolution
		SolutionGuid = {60E9E069-0445-4682-9B66-81B3BC643508}
	EndGlobalSection
EndGlobal
